
Microsoft Visual Studio Solution File, Format Version 12.00
# Visual Studio Version 17
VisualStudioVersion = 17.4.33122.133
MinimumVisualStudioVersion = 10.0.40219.1
Project("{FAE04EC0-301F-11D3-BF4B-00C04F79EFBC}") = "VehiclePositionProject", "VehiclePositionProject\VehiclePositionProject.csproj", "{652F8CF5-2BD9-462F-BD28-64D7FA5ABFCE}"
EndProject
Global
	GlobalSection(SolutionConfigurationPlatforms) = preSolution
		Debug|Any CPU = Debug|Any CPU
		Release|Any CPU = Release|Any CPU
	EndGlobalSection
	GlobalSection(ProjectConfigurationPlatforms) = postSolution
		{652F8CF5-2BD9-462F-BD28-64D7FA5ABFCE}.Debug|Any CPU.ActiveCfg = Debug|Any CPU
		{652F8CF5-2BD9-462F-BD28-64D7FA5ABFCE}.Debug|Any CPU.Build.0 = Debug|Any CPU
		{652F8CF5-2BD9-462F-BD28-64D7FA5ABFCE}.Release|Any CPU.ActiveCfg = Release|Any CPU
		{652F8CF5-2BD9-462F-BD28-64D7FA5ABFCE}.Release|Any CPU.Build.0 = Release|Any CPU
	EndGlobalSection
	GlobalSection(SolutionProperties) = preSolution
		HideSolutionNode = FALSE
	EndGlobalSection
	GlobalSection(ExtensibilityGlobals) = postSolution
		SolutionGuid = {9C40987A-6C27-44A9-BE4F-6044CD3853E7}
	EndGlobalSection
EndGlobal
